// !$*UTF8*$!
{
	archiveVersion = 1;
	classes = {
	};
	objectVersion = 56;
	objects = {

/* Begin PBXBuildFile section */
		3DEF95A92AE676B400B8372D /* FriendsApp.swift in Sources */ = {isa = PBXBuildFile; fileRef = 3DEF95A82AE676B400B8372D /* FriendsApp.swift */; };
		3DEF95AB2AE676B400B8372D /* ContentView.swift in Sources */ = {isa = PBXBuildFile; fileRef = 3DEF95AA2AE676B400B8372D /* ContentView.swift */; };
		3DEF95AD2AE676B600B8372D /* Assets.xcassets in Resources */ = {isa = PBXBuildFile; fileRef = 3DEF95AC2AE676B600B8372D /* Assets.xcassets */; };
		3DEF95B02AE676B600B8372D /* Preview Assets.xcassets in Resources */ = {isa = PBXBuildFile; fileRef = 3DEF95AF2AE676B600B8372D /* Preview Assets.xcassets */; };
		3DEF95BA2AE676B700B8372D /* FriendsTests.swift in Sources */ = {isa = PBXBuildFile; fileRef = 3DEF95B92AE676B700B8372D /* FriendsTests.swift */; };
		3DEF95C42AE676B700B8372D /* FriendsUITests.swift in Sources */ = {isa = PBXBuildFile; fileRef = 3DEF95C32AE676B700B8372D /* FriendsUITests.swift */; };
		3DEF95C62AE676B700B8372D /* FriendsUITestsLaunchTests.swift in Sources */ = {isa = PBXBuildFile; fileRef = 3DEF95C52AE676B700B8372D /* FriendsUITestsLaunchTests.swift */; };
		3DEF95D42AE6798200B8372D /* FriendsList.swift in Sources */ = {isa = PBXBuildFile; fileRef = 3DEF95D32AE6798200B8372D /* FriendsList.swift */; };
		3DEF95D62AE67A0600B8372D /* FriendDetails.swift in Sources */ = {isa = PBXBuildFile; fileRef = 3DEF95D52AE67A0600B8372D /* FriendDetails.swift */; };
		3DEF95D92AE67A2A00B8372D /* FriendRow.swift in Sources */ = {isa = PBXBuildFile; fileRef = 3DEF95D82AE67A2A00B8372D /* FriendRow.swift */; };
		3DEF95DC2AE6879A00B8372D /* Friend.swift in Sources */ = {isa = PBXBuildFile; fileRef = 3DEF95DB2AE6879A00B8372D /* Friend.swift */; };
		3DEF95DE2AE68F5300B8372D /* RequestHandler.swift in Sources */ = {isa = PBXBuildFile; fileRef = 3DEF95DD2AE68F5300B8372D /* RequestHandler.swift */; };
		3DEF95E22AE6B9B700B8372D /* Address.swift in Sources */ = {isa = PBXBuildFile; fileRef = 3DEF95E12AE6B9B600B8372D /* Address.swift */; };
/* End PBXBuildFile section */

/* Begin PBXContainerItemProxy section */
		3DEF95B62AE676B700B8372D /* PBXContainerItemProxy */ = {
			isa = PBXContainerItemProxy;
			containerPortal = 3DEF959D2AE676B400B8372D /* Project object */;
			proxyType = 1;
			remoteGlobalIDString = 3DEF95A42AE676B400B8372D;
			remoteInfo = Friends;
		};
		3DEF95C02AE676B700B8372D /* PBXContainerItemProxy */ = {
			isa = PBXContainerItemProxy;
			containerPortal = 3DEF959D2AE676B400B8372D /* Project object */;
			proxyType = 1;
			remoteGlobalIDString = 3DEF95A42AE676B400B8372D;
			remoteInfo = Friends;
		};
/* End PBXContainerItemProxy section */

/* Begin PBXFileReference section */
		3DEF95A52AE676B400B8372D /* Friends.app */ = {isa = PBXFileReference; explicitFileType = wrapper.application; includeInIndex = 0; path = Friends.app; sourceTree = BUILT_PRODUCTS_DIR; };
		3DEF95A82AE676B400B8372D /* FriendsApp.swift */ = {isa = PBXFileReference; lastKnownFileType = sourcecode.swift; path = FriendsApp.swift; sourceTree = "<group>"; };
		3DEF95AA2AE676B400B8372D /* ContentView.swift */ = {isa = PBXFileReference; lastKnownFileType = sourcecode.swift; path = ContentView.swift; sourceTree = "<group>"; };
		3DEF95AC2AE676B600B8372D /* Assets.xcassets */ = {isa = PBXFileReference; lastKnownFileType = folder.assetcatalog; path = Assets.xcassets; sourceTree = "<group>"; };
		3DEF95AF2AE676B600B8372D /* Preview Assets.xcassets */ = {isa = PBXFileReference; lastKnownFileType = folder.assetcatalog; path = "Preview Assets.xcassets"; sourceTree = "<group>"; };
		3DEF95B52AE676B700B8372D /* FriendsTests.xctest */ = {isa = PBXFileReference; explicitFileType = wrapper.cfbundle; includeInIndex = 0; path = FriendsTests.xctest; sourceTree = BUILT_PRODUCTS_DIR; };
		3DEF95B92AE676B700B8372D /* FriendsTests.swift */ = {isa = PBXFileReference; lastKnownFileType = sourcecode.swift; path = FriendsTests.swift; sourceTree = "<group>"; };
		3DEF95BF2AE676B700B8372D /* FriendsUITests.xctest */ = {isa = PBXFileReference; explicitFileType = wrapper.cfbundle; includeInIndex = 0; path = FriendsUITests.xctest; sourceTree = BUILT_PRODUCTS_DIR; };
		3DEF95C32AE676B700B8372D /* FriendsUITests.swift */ = {isa = PBXFileReference; lastKnownFileType = sourcecode.swift; path = FriendsUITests.swift; sourceTree = "<group>"; };
		3DEF95C52AE676B700B8372D /* FriendsUITestsLaunchTests.swift */ = {isa = PBXFileReference; lastKnownFileType = sourcecode.swift; path = FriendsUITestsLaunchTests.swift; sourceTree = "<group>"; };
		3DEF95D32AE6798200B8372D /* FriendsList.swift */ = {isa = PBXFileReference; lastKnownFileType = sourcecode.swift; path = FriendsList.swift; sourceTree = "<group>"; };
		3DEF95D52AE67A0600B8372D /* FriendDetails.swift */ = {isa = PBXFileReference; lastKnownFileType = sourcecode.swift; path = FriendDetails.swift; sourceTree = "<group>"; };
		3DEF95D82AE67A2A00B8372D /* FriendRow.swift */ = {isa = PBXFileReference; lastKnownFileType = sourcecode.swift; path = FriendRow.swift; sourceTree = "<group>"; };
		3DEF95DB2AE6879A00B8372D /* Friend.swift */ = {isa = PBXFileReference; lastKnownFileType = sourcecode.swift; path = Friend.swift; sourceTree = "<group>"; };
		3DEF95DD2AE68F5300B8372D /* RequestHandler.swift */ = {isa = PBXFileReference; lastKnownFileType = sourcecode.swift; path = RequestHandler.swift; sourceTree = "<group>"; };
		3DEF95E12AE6B9B600B8372D /* Address.swift */ = {isa = PBXFileReference; lastKnownFileType = sourcecode.swift; path = Address.swift; sourceTree = "<group>"; };
/* End PBXFileReference section */

/* Begin PBXFrameworksBuildPhase section */
		3DEF95A22AE676B400B8372D /* Frameworks */ = {
			isa = PBXFrameworksBuildPhase;
			buildActionMask = 2147483647;
			files = (
			);
			runOnlyForDeploymentPostprocessing = 0;
		};
		3DEF95B22AE676B700B8372D /* Frameworks */ = {
			isa = PBXFrameworksBuildPhase;
			buildActionMask = 2147483647;
			files = (
			);
			runOnlyForDeploymentPostprocessing = 0;
		};
		3DEF95BC2AE676B700B8372D /* Frameworks */ = {
			isa = PBXFrameworksBuildPhase;
			buildActionMask = 2147483647;
			files = (
			);
			runOnlyForDeploymentPostprocessing = 0;
		};
/* End PBXFrameworksBuildPhase section */

/* Begin PBXGroup section */
		3DEF959C2AE676B400B8372D = {
			isa = PBXGroup;
			children = (
				3DEF95A72AE676B400B8372D /* Friends */,
				3DEF95B82AE676B700B8372D /* FriendsTests */,
				3DEF95C22AE676B700B8372D /* FriendsUITests */,
				3DEF95A62AE676B400B8372D /* Products */,
			);
			sourceTree = "<group>";
		};
		3DEF95A62AE676B400B8372D /* Products */ = {
			isa = PBXGroup;
			children = (
				3DEF95A52AE676B400B8372D /* Friends.app */,
				3DEF95B52AE676B700B8372D /* FriendsTests.xctest */,
				3DEF95BF2AE676B700B8372D /* FriendsUITests.xctest */,
			);
			name = Products;
			sourceTree = "<group>";
		};
		3DEF95A72AE676B400B8372D /* Friends */ = {
			isa = PBXGroup;
			children = (
				3DEF95A82AE676B400B8372D /* FriendsApp.swift */,
				3DEF95D22AE6795900B8372D /* Views */,
				3DEF95AC2AE676B600B8372D /* Assets.xcassets */,
				3DEF95DA2AE6878500B8372D /* Models */,
				3DEF95AE2AE676B600B8372D /* Preview Content */,
			);
			path = Friends;
			sourceTree = "<group>";
		};
		3DEF95AE2AE676B600B8372D /* Preview Content */ = {
			isa = PBXGroup;
			children = (
				3DEF95AF2AE676B600B8372D /* Preview Assets.xcassets */,
			);
			path = "Preview Content";
			sourceTree = "<group>";
		};
		3DEF95B82AE676B700B8372D /* FriendsTests */ = {
			isa = PBXGroup;
			children = (
				3DEF95B92AE676B700B8372D /* FriendsTests.swift */,
			);
			path = FriendsTests;
			sourceTree = "<group>";
		};
		3DEF95C22AE676B700B8372D /* FriendsUITests */ = {
			isa = PBXGroup;
			children = (
				3DEF95C32AE676B700B8372D /* FriendsUITests.swift */,
				3DEF95C52AE676B700B8372D /* FriendsUITestsLaunchTests.swift */,
			);
			path = FriendsUITests;
			sourceTree = "<group>";
		};
		3DEF95D22AE6795900B8372D /* Views */ = {
			isa = PBXGroup;
			children = (
				3DEF95D72AE67A1C00B8372D /* Friends */,
				3DEF95AA2AE676B400B8372D /* ContentView.swift */,
			);
			path = Views;
			sourceTree = "<group>";
		};
		3DEF95D72AE67A1C00B8372D /* Friends */ = {
			isa = PBXGroup;
			children = (
				3DEF95D32AE6798200B8372D /* FriendsList.swift */,
				3DEF95D52AE67A0600B8372D /* FriendDetails.swift */,
				3DEF95D82AE67A2A00B8372D /* FriendRow.swift */,
			);
			path = Friends;
			sourceTree = "<group>";
		};
		3DEF95DA2AE6878500B8372D /* Models */ = {
			isa = PBXGroup;
			children = (
				3DEF95DB2AE6879A00B8372D /* Friend.swift */,
				3DEF95DD2AE68F5300B8372D /* RequestHandler.swift */,
				3DEF95E12AE6B9B600B8372D /* Address.swift */,
			);
			path = Models;
			sourceTree = "<group>";
		};
/* End PBXGroup section */

/* Begin PBXNativeTarget section */
		3DEF95A42AE676B400B8372D /* Friends */ = {
			isa = PBXNativeTarget;
			buildConfigurationList = 3DEF95C92AE676B700B8372D /* Build configuration list for PBXNativeTarget "Friends" */;
			buildPhases = (
				3DEF95A12AE676B400B8372D /* Sources */,
				3DEF95A22AE676B400B8372D /* Frameworks */,
				3DEF95A32AE676B400B8372D /* Resources */,
			);
			buildRules = (
			);
			dependencies = (
			);
			name = Friends;
			productName = Friends;
			productReference = 3DEF95A52AE676B400B8372D /* Friends.app */;
			productType = "com.apple.product-type.application";
		};
		3DEF95B42AE676B700B8372D /* FriendsTests */ = {
			isa = PBXNativeTarget;
			buildConfigurationList = 3DEF95CC2AE676B700B8372D /* Build configuration list for PBXNativeTarget "FriendsTests" */;
			buildPhases = (
				3DEF95B12AE676B700B8372D /* Sources */,
				3DEF95B22AE676B700B8372D /* Frameworks */,
				3DEF95B32AE676B700B8372D /* Resources */,
			);
			buildRules = (
			);
			dependencies = (
				3DEF95B72AE676B700B8372D /* PBXTargetDependency */,
			);
			name = FriendsTests;
			productName = FriendsTests;
			productReference = 3DEF95B52AE676B700B8372D /* FriendsTests.xctest */;
			productType = "com.apple.product-type.bundle.unit-test";
		};
		3DEF95BE2AE676B700B8372D /* FriendsUITests */ = {
			isa = PBXNativeTarget;
			buildConfigurationList = 3DEF95CF2AE676B700B8372D /* Build configuration list for PBXNativeTarget "FriendsUITests" */;
			buildPhases = (
				3DEF95BB2AE676B700B8372D /* Sources */,
				3DEF95BC2AE676B700B8372D /* Frameworks */,
				3DEF95BD2AE676B700B8372D /* Resources */,
			);
			buildRules = (
			);
			dependencies = (
				3DEF95C12AE676B700B8372D /* PBXTargetDependency */,
			);
			name = FriendsUITests;
			productName = FriendsUITests;
			productReference = 3DEF95BF2AE676B700B8372D /* FriendsUITests.xctest */;
			productType = "com.apple.product-type.bundle.ui-testing";
		};
/* End PBXNativeTarget section */

/* Begin PBXProject section */
		3DEF959D2AE676B400B8372D /* Project object */ = {
			isa = PBXProject;
			attributes = {
				BuildIndependentTargetsInParallel = 1;
				LastSwiftUpdateCheck = 1500;
				LastUpgradeCheck = 1500;
				TargetAttributes = {
					3DEF95A42AE676B400B8372D = {
						CreatedOnToolsVersion = 15.0.1;
					};
					3DEF95B42AE676B700B8372D = {
						CreatedOnToolsVersion = 15.0.1;
						TestTargetID = 3DEF95A42AE676B400B8372D;
					};
					3DEF95BE2AE676B700B8372D = {
						CreatedOnToolsVersion = 15.0.1;
						TestTargetID = 3DEF95A42AE676B400B8372D;
					};
				};
			};
			buildConfigurationList = 3DEF95A02AE676B400B8372D /* Build configuration list for PBXProject "Friends" */;
			compatibilityVersion = "Xcode 14.0";
			developmentRegion = en;
			hasScannedForEncodings = 0;
			knownRegions = (
				en,
				Base,
			);
			mainGroup = 3DEF959C2AE676B400B8372D;
			productRefGroup = 3DEF95A62AE676B400B8372D /* Products */;
			projectDirPath = "";
			projectRoot = "";
			targets = (
				3DEF95A42AE676B400B8372D /* Friends */,
				3DEF95B42AE676B700B8372D /* FriendsTests */,
				3DEF95BE2AE676B700B8372D /* FriendsUITests */,
			);
		};
/* End PBXProject section */

/* Begin PBXResourcesBuildPhase section */
		3DEF95A32AE676B400B8372D /* Resources */ = {
			isa = PBXResourcesBuildPhase;
			buildActionMask = 2147483647;
			files = (
				3DEF95B02AE676B600B8372D /* Preview Assets.xcassets in Resources */,
				3DEF95AD2AE676B600B8372D /* Assets.xcassets in Resources */,
			);
			runOnlyForDeploymentPostprocessing = 0;
		};
		3DEF95B32AE676B700B8372D /* Resources */ = {
			isa = PBXResourcesBuildPhase;
			buildActionMask = 2147483647;
			files = (
			);
			runOnlyForDeploymentPostprocessing = 0;
		};
		3DEF95BD2AE676B700B8372D /* Resources */ = {
			isa = PBXResourcesBuildPhase;
			buildActionMask = 2147483647;
			files = (
			);
			runOnlyForDeploymentPostprocessing = 0;
		};
/* End PBXResourcesBuildPhase section */

/* Begin PBXSourcesBuildPhase section */
		3DEF95A12AE676B400B8372D /* Sources */ = {
			isa = PBXSourcesBuildPhase;
			buildActionMask = 2147483647;
			files = (
				3DEF95DE2AE68F5300B8372D /* RequestHandler.swift in Sources */,
				3DEF95D62AE67A0600B8372D /* FriendDetails.swift in Sources */,
				3DEF95AB2AE676B400B8372D /* ContentView.swift in Sources */,
				3DEF95D92AE67A2A00B8372D /* FriendRow.swift in Sources */,
				3DEF95DC2AE6879A00B8372D /* Friend.swift in Sources */,
				3DEF95A92AE676B400B8372D /* FriendsApp.swift in Sources */,
				3DEF95E22AE6B9B700B8372D /* Address.swift in Sources */,
				3DEF95D42AE6798200B8372D /* FriendsList.swift in Sources */,
			);
			runOnlyForDeploymentPostprocessing = 0;
		};
		3DEF95B12AE676B700B8372D /* Sources */ = {
			isa = PBXSourcesBuildPhase;
			buildActionMask = 2147483647;
			files = (
				3DEF95BA2AE676B700B8372D /* FriendsTests.swift in Sources */,
			);
			runOnlyForDeploymentPostprocessing = 0;
		};
		3DEF95BB2AE676B700B8372D /* Sources */ = {
			isa = PBXSourcesBuildPhase;
			buildActionMask = 2147483647;
			files = (
				3DEF95C62AE676B700B8372D /* FriendsUITestsLaunchTests.swift in Sources */,
				3DEF95C42AE676B700B8372D /* FriendsUITests.swift in Sources */,
			);
			runOnlyForDeploymentPostprocessing = 0;
		};
/* End PBXSourcesBuildPhase section */

/* Begin PBXTargetDependency section */
		3DEF95B72AE676B700B8372D /* PBXTargetDependency */ = {
			isa = PBXTargetDependency;
			target = 3DEF95A42AE676B400B8372D /* Friends */;
			targetProxy = 3DEF95B62AE676B700B8372D /* PBXContainerItemProxy */;
		};
		3DEF95C12AE676B700B8372D /* PBXTargetDependency */ = {
			isa = PBXTargetDependency;
			target = 3DEF95A42AE676B400B8372D /* Friends */;
			targetProxy = 3DEF95C02AE676B700B8372D /* PBXContainerItemProxy */;
		};
/* End PBXTargetDependency section */

/* Begin XCBuildConfiguration section */
		3DEF95C72AE676B700B8372D /* Debug */ = {
			isa = XCBuildConfiguration;
			buildSettings = {
				ALWAYS_SEARCH_USER_PATHS = NO;
				ASSETCATALOG_COMPILER_GENERATE_SWIFT_ASSET_SYMBOL_EXTENSIONS = YES;
				CLANG_ANALYZER_NONNULL = YES;
				CLANG_ANALYZER_NUMBER_OBJECT_CONVERSION = YES_AGGRESSIVE;
				CLANG_CXX_LANGUAGE_STANDARD = "gnu++20";
				CLANG_ENABLE_MODULES = YES;
				CLANG_ENABLE_OBJC_ARC = YES;
				CLANG_ENABLE_OBJC_WEAK = YES;
				CLANG_WARN_BLOCK_CAPTURE_AUTORELEASING = YES;
				CLANG_WARN_BOOL_CONVERSION = YES;
				CLANG_WARN_COMMA = YES;
				CLANG_WARN_CONSTANT_CONVERSION = YES;
				CLANG_WARN_DEPRECATED_OBJC_IMPLEMENTATIONS = YES;
				CLANG_WARN_DIRECT_OBJC_ISA_USAGE = YES_ERROR;
				CLANG_WARN_DOCUMENTATION_COMMENTS = YES;
				CLANG_WARN_EMPTY_BODY = YES;
				CLANG_WARN_ENUM_CONVERSION = YES;
				CLANG_WARN_INFINITE_RECURSION = YES;
				CLANG_WARN_INT_CONVERSION = YES;
				CLANG_WARN_NON_LITERAL_NULL_CONVERSION = YES;
				CLANG_WARN_OBJC_IMPLICIT_RETAIN_SELF = YES;
				CLANG_WARN_OBJC_LITERAL_CONVERSION = YES;
				CLANG_WARN_OBJC_ROOT_CLASS = YES_ERROR;
				CLANG_WARN_QUOTED_INCLUDE_IN_FRAMEWORK_HEADER = YES;
				CLANG_WARN_RANGE_LOOP_ANALYSIS = YES;
				CLANG_WARN_STRICT_PROTOTYPES = YES;
				CLANG_WARN_SUSPICIOUS_MOVE = YES;
				CLANG_WARN_UNGUARDED_AVAILABILITY = YES_AGGRESSIVE;
				CLANG_WARN_UNREACHABLE_CODE = YES;
				CLANG_WARN__DUPLICATE_METHOD_MATCH = YES;
				COPY_PHASE_STRIP = NO;
				DEBUG_INFORMATION_FORMAT = dwarf;
				ENABLE_STRICT_OBJC_MSGSEND = YES;
				ENABLE_TESTABILITY = YES;
				ENABLE_USER_SCRIPT_SANDBOXING = YES;
				GCC_C_LANGUAGE_STANDARD = gnu17;
				GCC_DYNAMIC_NO_PIC = NO;
				GCC_NO_COMMON_BLOCKS = YES;
				GCC_OPTIMIZATION_LEVEL = 0;
				GCC_PREPROCESSOR_DEFINITIONS = (
					"DEBUG=1",
					"$(inherited)",
				);
				GCC_WARN_64_TO_32_BIT_CONVERSION = YES;
				GCC_WARN_ABOUT_RETURN_TYPE = YES_ERROR;
				GCC_WARN_UNDECLARED_SELECTOR = YES;
				GCC_WARN_UNINITIALIZED_AUTOS = YES_AGGRESSIVE;
				GCC_WARN_UNUSED_FUNCTION = YES;
				GCC_WARN_UNUSED_VARIABLE = YES;
				IPHONEOS_DEPLOYMENT_TARGET = 17.0;
				LOCALIZATION_PREFERS_STRING_CATALOGS = YES;
				MTL_ENABLE_DEBUG_INFO = INCLUDE_SOURCE;
				MTL_FAST_MATH = YES;
				ONLY_ACTIVE_ARCH = YES;
				SDKROOT = iphoneos;
				SWIFT_ACTIVE_COMPILATION_CONDITIONS = "DEBUG $(inherited)";
				SWIFT_OPTIMIZATION_LEVEL = "-Onone";
			};
			name = Debug;
		};
		3DEF95C82AE676B700B8372D /* Release */ = {
			isa = XCBuildConfiguration;
			buildSettings = {
				ALWAYS_SEARCH_USER_PATHS = NO;
				ASSETCATALOG_COMPILER_GENERATE_SWIFT_ASSET_SYMBOL_EXTENSIONS = YES;
				CLANG_ANALYZER_NONNULL = YES;
				CLANG_ANALYZER_NUMBER_OBJECT_CONVERSION = YES_AGGRESSIVE;
				CLANG_CXX_LANGUAGE_STANDARD = "gnu++20";
				CLANG_ENABLE_MODULES = YES;
				CLANG_ENABLE_OBJC_ARC = YES;
				CLANG_ENABLE_OBJC_WEAK = YES;
				CLANG_WARN_BLOCK_CAPTURE_AUTORELEASING = YES;
				CLANG_WARN_BOOL_CONVERSION = YES;
				CLANG_WARN_COMMA = YES;
				CLANG_WARN_CONSTANT_CONVERSION = YES;
				CLANG_WARN_DEPRECATED_OBJC_IMPLEMENTATIONS = YES;
				CLANG_WARN_DIRECT_OBJC_ISA_USAGE = YES_ERROR;
				CLANG_WARN_DOCUMENTATION_COMMENTS = YES;
				CLANG_WARN_EMPTY_BODY = YES;
				CLANG_WARN_ENUM_CONVERSION = YES;
				CLANG_WARN_INFINITE_RECURSION = YES;
				CLANG_WARN_INT_CONVERSION = YES;
				CLANG_WARN_NON_LITERAL_NULL_CONVERSION = YES;
				CLANG_WARN_OBJC_IMPLICIT_RETAIN_SELF = YES;
				CLANG_WARN_OBJC_LITERAL_CONVERSION = YES;
				CLANG_WARN_OBJC_ROOT_CLASS = YES_ERROR;
				CLANG_WARN_QUOTED_INCLUDE_IN_FRAMEWORK_HEADER = YES;
				CLANG_WARN_RANGE_LOOP_ANALYSIS = YES;
				CLANG_WARN_STRICT_PROTOTYPES = YES;
				CLANG_WARN_SUSPICIOUS_MOVE = YES;
				CLANG_WARN_UNGUARDED_AVAILABILITY = YES_AGGRESSIVE;
				CLANG_WARN_UNREACHABLE_CODE = YES;
				CLANG_WARN__DUPLICATE_METHOD_MATCH = YES;
				COPY_PHASE_STRIP = NO;
				DEBUG_INFORMATION_FORMAT = "dwarf-with-dsym";
				ENABLE_NS_ASSERTIONS = NO;
				ENABLE_STRICT_OBJC_MSGSEND = YES;
				ENABLE_USER_SCRIPT_SANDBOXING = YES;
				GCC_C_LANGUAGE_STANDARD = gnu17;
				GCC_NO_COMMON_BLOCKS = YES;
				GCC_WARN_64_TO_32_BIT_CONVERSION = YES;
				GCC_WARN_ABOUT_RETURN_TYPE = YES_ERROR;
				GCC_WARN_UNDECLARED_SELECTOR = YES;
				GCC_WARN_UNINITIALIZED_AUTOS = YES_AGGRESSIVE;
				GCC_WARN_UNUSED_FUNCTION = YES;
				GCC_WARN_UNUSED_VARIABLE = YES;
				IPHONEOS_DEPLOYMENT_TARGET = 17.0;
				LOCALIZATION_PREFERS_STRING_CATALOGS = YES;
				MTL_ENABLE_DEBUG_INFO = NO;
				MTL_FAST_MATH = YES;
				SDKROOT = iphoneos;
				SWIFT_COMPILATION_MODE = wholemodule;
				VALIDATE_PRODUCT = YES;
			};
			name = Release;
		};
		3DEF95CA2AE676B700B8372D /* Debug */ = {
			isa = XCBuildConfiguration;
			buildSettings = {
				ASSETCATALOG_COMPILER_APPICON_NAME = AppIcon;
				ASSETCATALOG_COMPILER_GLOBAL_ACCENT_COLOR_NAME = AccentColor;
				CODE_SIGN_STYLE = Automatic;
				CURRENT_PROJECT_VERSION = 1;
				DEVELOPMENT_ASSET_PATHS = "\"Friends/Preview Content\"";
				DEVELOPMENT_TEAM = KH7BD93PMV;
				ENABLE_PREVIEWS = YES;
				GENERATE_INFOPLIST_FILE = YES;
				INFOPLIST_KEY_UIApplicationSceneManifest_Generation = YES;
				INFOPLIST_KEY_UIApplicationSupportsIndirectInputEvents = YES;
				INFOPLIST_KEY_UILaunchScreen_Generation = YES;
				INFOPLIST_KEY_UISupportedInterfaceOrientations_iPad = "UIInterfaceOrientationPortrait UIInterfaceOrientationPortraitUpsideDown UIInterfaceOrientationLandscapeLeft UIInterfaceOrientationLandscapeRight";
				INFOPLIST_KEY_UISupportedInterfaceOrientations_iPhone = "UIInterfaceOrientationPortrait UIInterfaceOrientationLandscapeLeft UIInterfaceOrientationLandscapeRight";
				LD_RUNPATH_SEARCH_PATHS = (
					"$(inherited)",
					"@executable_path/Frameworks",
				);
				MARKETING_VERSION = 1.0;
				PRODUCT_BUNDLE_IDENTIFIER = nl.fontys.Friends;
				PRODUCT_NAME = "$(TARGET_NAME)";
				SWIFT_EMIT_LOC_STRINGS = YES;
				SWIFT_VERSION = 5.0;
				TARGETED_DEVICE_FAMILY = "1,2";
			};
			name = Debug;
		};
		3DEF95CB2AE676B700B8372D /* Release */ = {
			isa = XCBuildConfiguration;
			buildSettings = {
				ASSETCATALOG_COMPILER_APPICON_NAME = AppIcon;
				ASSETCATALOG_COMPILER_GLOBAL_ACCENT_COLOR_NAME = AccentColor;
				CODE_SIGN_STYLE = Automatic;
				CURRENT_PROJECT_VERSION = 1;
				DEVELOPMENT_ASSET_PATHS = "\"Friends/Preview Content\"";
				DEVELOPMENT_TEAM = KH7BD93PMV;
				ENABLE_PREVIEWS = YES;
				GENERATE_INFOPLIST_FILE = YES;
				INFOPLIST_KEY_UIApplicationSceneManifest_Generation = YES;
				INFOPLIST_KEY_UIApplicationSupportsIndirectInputEvents = YES;
				INFOPLIST_KEY_UILaunchScreen_Generation = YES;
				INFOPLIST_KEY_UISupportedInterfaceOrientations_iPad = "UIInterfaceOrientationPortrait UIInterfaceOrientationPortraitUpsideDown UIInterfaceOrientationLandscapeLeft UIInterfaceOrientationLandscapeRight";
				INFOPLIST_KEY_UISupportedInterfaceOrientations_iPhone = "UIInterfaceOrientationPortrait UIInterfaceOrientationLandscapeLeft UIInterfaceOrientationLandscapeRight";
				LD_RUNPATH_SEARCH_PATHS = (
					"$(inherited)",
					"@executable_path/Frameworks",
				);
				MARKETING_VERSION = 1.0;
				PRODUCT_BUNDLE_IDENTIFIER = nl.fontys.Friends;
				PRODUCT_NAME = "$(TARGET_NAME)";
				SWIFT_EMIT_LOC_STRINGS = YES;
				SWIFT_VERSION = 5.0;
				TARGETED_DEVICE_FAMILY = "1,2";
			};
			name = Release;
		};
		3DEF95CD2AE676B700B8372D /* Debug */ = {
			isa = XCBuildConfiguration;
			buildSettings = {
				ALWAYS_EMBED_SWIFT_STANDARD_LIBRARIES = YES;
				BUNDLE_LOADER = "$(TEST_HOST)";
				CODE_SIGN_STYLE = Automatic;
				CURRENT_PROJECT_VERSION = 1;
				DEVELOPMENT_TEAM = KH7BD93PMV;
				GENERATE_INFOPLIST_FILE = YES;
				IPHONEOS_DEPLOYMENT_TARGET = 17.0;
				MARKETING_VERSION = 1.0;
				PRODUCT_BUNDLE_IDENTIFIER = nl.fontys.FriendsTests;
				PRODUCT_NAME = "$(TARGET_NAME)";
				SWIFT_EMIT_LOC_STRINGS = NO;
				SWIFT_VERSION = 5.0;
				TARGETED_DEVICE_FAMILY = "1,2";
				TEST_HOST = "$(BUILT_PRODUCTS_DIR)/Friends.app/$(BUNDLE_EXECUTABLE_FOLDER_PATH)/Friends";
			};
			name = Debug;
		};
		3DEF95CE2AE676B700B8372D /* Release */ = {
			isa = XCBuildConfiguration;
			buildSettings = {
				ALWAYS_EMBED_SWIFT_STANDARD_LIBRARIES = YES;
				BUNDLE_LOADER = "$(TEST_HOST)";
				CODE_SIGN_STYLE = Automatic;
				CURRENT_PROJECT_VERSION = 1;
				DEVELOPMENT_TEAM = KH7BD93PMV;
				GENERATE_INFOPLIST_FILE = YES;
				IPHONEOS_DEPLOYMENT_TARGET = 17.0;
				MARKETING_VERSION = 1.0;
				PRODUCT_BUNDLE_IDENTIFIER = nl.fontys.FriendsTests;
				PRODUCT_NAME = "$(TARGET_NAME)";
				SWIFT_EMIT_LOC_STRINGS = NO;
				SWIFT_VERSION = 5.0;
				TARGETED_DEVICE_FAMILY = "1,2";
				TEST_HOST = "$(BUILT_PRODUCTS_DIR)/Friends.app/$(BUNDLE_EXECUTABLE_FOLDER_PATH)/Friends";
			};
			name = Release;
		};
		3DEF95D02AE676B700B8372D /* Debug */ = {
			isa = XCBuildConfiguration;
			buildSettings = {
				ALWAYS_EMBED_SWIFT_STANDARD_LIBRARIES = YES;
				CODE_SIGN_STYLE = Automatic;
				CURRENT_PROJECT_VERSION = 1;
				DEVELOPMENT_TEAM = KH7BD93PMV;
				GENERATE_INFOPLIST_FILE = YES;
				MARKETING_VERSION = 1.0;
				PRODUCT_BUNDLE_IDENTIFIER = nl.fontys.FriendsUITests;
				PRODUCT_NAME = "$(TARGET_NAME)";
				SWIFT_EMIT_LOC_STRINGS = NO;
				SWIFT_VERSION = 5.0;
				TARGETED_DEVICE_FAMILY = "1,2";
				TEST_TARGET_NAME = Friends;
			};
			name = Debug;
		};
		3DEF95D12AE676B700B8372D /* Release */ = {
			isa = XCBuildConfiguration;
			buildSettings = {
				ALWAYS_EMBED_SWIFT_STANDARD_LIBRARIES = YES;
				CODE_SIGN_STYLE = Automatic;
				CURRENT_PROJECT_VERSION = 1;
				DEVELOPMENT_TEAM = KH7BD93PMV;
				GENERATE_INFOPLIST_FILE = YES;
				MARKETING_VERSION = 1.0;
				PRODUCT_BUNDLE_IDENTIFIER = nl.fontys.FriendsUITests;
				PRODUCT_NAME = "$(TARGET_NAME)";
				SWIFT_EMIT_LOC_STRINGS = NO;
				SWIFT_VERSION = 5.0;
				TARGETED_DEVICE_FAMILY = "1,2";
				TEST_TARGET_NAME = Friends;
			};
			name = Release;
		};
/* End XCBuildConfiguration section */

/* Begin XCConfigurationList section */
		3DEF95A02AE676B400B8372D /* Build configuration list for PBXProject "Friends" */ = {
			isa = XCConfigurationList;
			buildConfigurations = (
				3DEF95C72AE676B700B8372D /* Debug */,
				3DEF95C82AE676B700B8372D /* Release */,
			);
			defaultConfigurationIsVisible = 0;
			defaultConfigurationName = Release;
		};
		3DEF95C92AE676B700B8372D /* Build configuration list for PBXNativeTarget "Friends" */ = {
			isa = XCConfigurationList;
			buildConfigurations = (
				3DEF95CA2AE676B700B8372D /* Debug */,
				3DEF95CB2AE676B700B8372D /* Release */,
			);
			defaultConfigurationIsVisible = 0;
			defaultConfigurationName = Release;
		};
		3DEF95CC2AE676B700B8372D /* Build configuration list for PBXNativeTarget "FriendsTests" */ = {
			isa = XCConfigurationList;
			buildConfigurations = (
				3DEF95CD2AE676B700B8372D /* Debug */,
				3DEF95CE2AE676B700B8372D /* Release */,
			);
			defaultConfigurationIsVisible = 0;
			defaultConfigurationName = Release;
		};
		3DEF95CF2AE676B700B8372D /* Build configuration list for PBXNativeTarget "FriendsUITests" */ = {
			isa = XCConfigurationList;
			buildConfigurations = (
				3DEF95D02AE676B700B8372D /* Debug */,
				3DEF95D12AE676B700B8372D /* Release */,
			);
			defaultConfigurationIsVisible = 0;
			defaultConfigurationName = Release;
		};
/* End XCConfigurationList section */
	};
	rootObject = 3DEF959D2AE676B400B8372D /* Project object */;
}
